
Microsoft Visual Studio Solution File, Format Version 12.00
# Visual Studio Version 16
VisualStudioVersion = 16.0.30330.147
MinimumVisualStudioVersion = 10.0.40219.1
Project("{FAE04EC0-301F-11D3-BF4B-00C04F79EFBC}") = "Bank_Web_App", "Bank_Web_App\Bank_Web_App.csproj", "{A0378C6C-57D4-46BC-A3E0-18A030E7FD64}"
EndProject
Global
	GlobalSection(SolutionConfigurationPlatforms) = preSolution
		Debug|Any CPU = Debug|Any CPU
		Release|Any CPU = Release|Any CPU
	EndGlobalSection
	GlobalSection(ProjectConfigurationPlatforms) = postSolution
		{A0378C6C-57D4-46BC-A3E0-18A030E7FD64}.Debug|Any CPU.ActiveCfg = Debug|Any CPU
		{A0378C6C-57D4-46BC-A3E0-18A030E7FD64}.Debug|Any CPU.Build.0 = Debug|Any CPU
		{A0378C6C-57D4-46BC-A3E0-18A030E7FD64}.Release|Any CPU.ActiveCfg = Release|Any CPU
		{A0378C6C-57D4-46BC-A3E0-18A030E7FD64}.Release|Any CPU.Build.0 = Release|Any CPU
	EndGlobalSection
	GlobalSection(SolutionProperties) = preSolution
		HideSolutionNode = FALSE
	EndGlobalSection
	GlobalSection(ExtensibilityGlobals) = postSolution
		SolutionGuid = {B9E9039C-7AAB-4BD6-A9BA-20426ABA3917}
	EndGlobalSection
EndGlobal
